
Microsoft Visual Studio Solution File, Format Version 12.00
# Visual Studio Version 17
VisualStudioVersion = 17.10.35004.147
MinimumVisualStudioVersion = 10.0.40219.1
Project("{FAE04EC0-301F-11D3-BF4B-00C04F79EFBC}") = "Telegram.Lichess.Bot", "Telegram.Lichess.Bot\Telegram.Lichess.Bot.csproj", "{4F2B4D81-8AFA-4C82-B732-5314926CC4A0}"
EndProject
Global
	GlobalSection(SolutionConfigurationPlatforms) = preSolution
		Debug|Any CPU = Debug|Any CPU
		Release|Any CPU = Release|Any CPU
	EndGlobalSection
	GlobalSection(ProjectConfigurationPlatforms) = postSolution
		{4F2B4D81-8AFA-4C82-B732-5314926CC4A0}.Debug|Any CPU.ActiveCfg = Debug|Any CPU
		{4F2B4D81-8AFA-4C82-B732-5314926CC4A0}.Debug|Any CPU.Build.0 = Debug|Any CPU
		{4F2B4D81-8AFA-4C82-B732-5314926CC4A0}.Release|Any CPU.ActiveCfg = Release|Any CPU
		{4F2B4D81-8AFA-4C82-B732-5314926CC4A0}.Release|Any CPU.Build.0 = Release|Any CPU
	EndGlobalSection
	GlobalSection(SolutionProperties) = preSolution
		HideSolutionNode = FALSE
	EndGlobalSection
	GlobalSection(ExtensibilityGlobals) = postSolution
		SolutionGuid = {3C3B6EB8-428C-465E-8E54-CF988D7E5BF7}
	EndGlobalSection
EndGlobal
